
Microsoft Visual Studio Solution File, Format Version 12.00
# Visual Studio Version 16
VisualStudioVersion = 16.0.31424.327
MinimumVisualStudioVersion = 10.0.40219.1
Project("{FAE04EC0-301F-11D3-BF4B-00C04F79EFBC}") = "DemoMVC", "DemoMVC.csproj", "{14F9A6CF-C5C3-4513-8CF0-B1168F43E0B3}"
EndProject
Global
	GlobalSection(SolutionConfigurationPlatforms) = preSolution
		Debug|Any CPU = Debug|Any CPU
		Release|Any CPU = Release|Any CPU
	EndGlobalSection
	GlobalSection(ProjectConfigurationPlatforms) = postSolution
		{14F9A6CF-C5C3-4513-8CF0-B1168F43E0B3}.Debug|Any CPU.ActiveCfg = Debug|Any CPU
		{14F9A6CF-C5C3-4513-8CF0-B1168F43E0B3}.Debug|Any CPU.Build.0 = Debug|Any CPU
		{14F9A6CF-C5C3-4513-8CF0-B1168F43E0B3}.Release|Any CPU.ActiveCfg = Release|Any CPU
		{14F9A6CF-C5C3-4513-8CF0-B1168F43E0B3}.Release|Any CPU.Build.0 = Release|Any CPU
	EndGlobalSection
	GlobalSection(SolutionProperties) = preSolution
		HideSolutionNode = FALSE
	EndGlobalSection
	GlobalSection(ExtensibilityGlobals) = postSolution
		SolutionGuid = {D19E40A5-BEC1-43CC-98E2-1696CAE73B4A}
	EndGlobalSection
EndGlobal
